lockfileVersion: 5.4

specifiers:
  httpserver: ^0.3.0

dependencies:
  httpserver: 0.3.0

packages:

  /access-log/0.3.9:
    resolution: {integrity: sha512-yeQS+6Qh3mTR8hdwcRiAI+/M/UQlRek6vKZ+TxOuDR8KLL3N9GVQyZAVX2AC01uGN1C6tx46sqAh+UTgv7nGxQ==}
    dependencies:
      strftime: 0.6.2
    dev: false

  /cleanse/0.0.3:
    resolution: {integrity: sha512-GzK1hHVr70UYpQ98nV3UG4cCb09YBm/IyVsnACNnLjgccA5XWBZ0kUaM84cFlKwC0IPmDvmB5+weWBKBP0JiiQ==}
    dev: false

  /easyreq/0.1.3:
    resolution: {integrity: sha512-+vMvS9b32RpIheRkcTTI9+QsOqRNEmZDCbBMJejsy7LNN+8CvdY8Yq+hv2AXfRkxa0tmwzsBf1I9hRgJ3Kd4eA==}
    dependencies:
      cleanse: 0.0.3
    dev: false

  /he/0.4.1:
    resolution: {integrity: sha512-wFn1JlcsgbcWEawQ6A1GztgNRRl6UyEtaARIDpAeH3c35T/9id/QQKvap1NAz6Yk2oKrKwXQZZFERS0tl9E0Jg==}
    hasBin: true
    dev: false

  /httpserver/0.3.0:
    resolution: {integrity: sha512-5HAbJfiXxtTTjnXgGs7LBIh3rgCXy9fL2sjsrV+gQheAZUeV+EXWCBTF2wB8h0AokikMARUEjue2hOL76BPcPg==}
    hasBin: true
    dependencies:
      access-log: 0.3.9
      latest: 0.2.0
      posix-getopt: 1.2.1
      static-route: 0.1.2
    dev: false

  /latest/0.2.0:
    resolution: {integrity: sha512-nsIM/FjwLcsKZ1KDAw5CivnM26zzMs3zGBL4SdjYXHI5tMcOWjGhFDMBKIum4WNAkZmeVw7zU1jR2H2UiKoQVA==}
    hasBin: true
    dependencies:
      npm: 2.15.12
    dev: false

  /mime/1.2.11:
    resolution: {integrity: sha512-Ysa2F/nqTNGHhhm9MV8ure4+Hc+Y8AWiqUdHxsO7xu8zc92ND9f3kpALHjaP026Ft17UfxrMt95c50PLUeynBw==}
    dev: false

  /npm/2.15.12:
    resolution: {integrity: sha512-WMoAJ518W0vHjWy1abYnTeyG9YQpSoYGPxAx7d0C0L7U7Jo44bZsrvTjccmDohCJGxpasdKfqsKsl6o/RUPx6A==}
    hasBin: true
    dev: false
    bundledDependencies:
      - abbrev
      - ansi
      - ansi-regex
      - ansicolors
      - ansistyles
      - archy
      - async-some
      - block-stream
      - char-spinner
      - chmodr
      - chownr
      - cmd-shim
      - columnify
      - config-chain
      - dezalgo
      - editor
      - fs-vacuum
      - fs-write-stream-atomic
      - fstream
      - fstream-npm
      - github-url-from-git
      - github-url-from-username-repo
      - glob
      - graceful-fs
      - hosted-git-info
      - imurmurhash
      - inflight
      - inherits
      - ini
      - init-package-json
      - lockfile
      - lru-cache
      - minimatch
      - mkdirp
      - node-gyp
      - nopt
      - normalize-git-url
      - normalize-package-data
      - npm-cache-filename
      - npm-install-checks
      - npm-package-arg
      - npm-registry-client
      - npm-user-validate
      - npmlog
      - once
      - opener
      - osenv
      - path-is-inside
      - read
      - read-installed
      - read-package-json
      - readable-stream
      - realize-package-specifier
      - request
      - retry
      - rimraf
      - semver
      - sha
      - slide
      - sorted-object
      - spdx-license-ids
      - strip-ansi
      - tar
      - text-table
      - uid-number
      - umask
      - validate-npm-package-license
      - validate-npm-package-name
      - which
      - wrappy
      - write-file-atomic

  /posix-getopt/1.2.1:
    resolution: {integrity: sha512-BbGTiH8MOWAuc6h5yITkSn9k3HP4+QOCV9t6I5F62OrH7zqTHRo08QNsgELRreTBxcvRhbSpMoUnAx77Dz4yUA==}
    dev: false

  /static-route/0.1.2:
    resolution: {integrity: sha512-54u3SjBq7EsbufVsezoRK5/g8opjtYf+lBico2wKAQIHap4KbGCN63DUqvtQU1V4pX0+cmTMFHxOy2brKC1PWQ==}
    dependencies:
      easyreq: 0.1.3
      he: 0.4.1
      mime: 1.2.11
    dev: false

  /strftime/0.6.2:
    resolution: {integrity: sha512-mEzR2tqZLXra/X1Orxs91XfcW4/gwGKZ1c0FvGVqf81ei3rCNIjHx6ZSHtcJaL3OYUkhJe7P4+mYfadFH6o2QQ==}
    engines: {node: '>=0.2.0'}
    dev: false
